
Microsoft Visual Studio Solution File, Format Version 12.00
# Visual Studio 15
VisualStudioVersion = 15.0.33026.149
MinimumVisualStudioVersion = 10.0.40219.1
Project("{FAE04EC0-301F-11D3-BF4B-00C04F79EFBC}") = "IoTApplicationManjula", "IoTApplicationManjula\IoTApplicationManjula.csproj", "{025BDD52-4482-4BC5-88C0-4B954F08AD56}"
EndProject
Global
	GlobalSection(SolutionConfigurationPlatforms) = preSolution
		Debug|Any CPU = Debug|Any CPU
		Release|Any CPU = Release|Any CPU
	EndGlobalSection
	GlobalSection(ProjectConfigurationPlatforms) = postSolution
		{025BDD52-4482-4BC5-88C0-4B954F08AD56}.Debug|Any CPU.ActiveCfg = Debug|Any CPU
		{025BDD52-4482-4BC5-88C0-4B954F08AD56}.Debug|Any CPU.Build.0 = Debug|Any CPU
		{025BDD52-4482-4BC5-88C0-4B954F08AD56}.Release|Any CPU.ActiveCfg = Release|Any CPU
		{025BDD52-4482-4BC5-88C0-4B954F08AD56}.Release|Any CPU.Build.0 = Release|Any CPU
	EndGlobalSection
	GlobalSection(SolutionProperties) = preSolution
		HideSolutionNode = FALSE
	EndGlobalSection
	GlobalSection(ExtensibilityGlobals) = postSolution
		SolutionGuid = {B49986BB-422C-474E-B3B2-9302FB8D63B6}
	EndGlobalSection
EndGlobal
